Microsoft Visual Studio Solution File, Format Version 12.00
# Visual Studio 2012
Project("{FAE04EC0-301F-11D3-BF4B-00C04F79EFBC}") = "v-crossing", "v-crossing.csproj", "{FE5CFCCC-3B6B-4921-99F5-01DBAE7D2A1B}"
EndProject
Global
	GlobalSection(SolutionConfigurationPlatforms) = preSolution
	Debug|Any CPU = Debug|Any CPU
	ExportDebug|Any CPU = ExportDebug|Any CPU
	ExportRelease|Any CPU = ExportRelease|Any CPU
	EndGlobalSection
	GlobalSection(ProjectConfigurationPlatforms) = postSolution
		{FE5CFCCC-3B6B-4921-99F5-01DBAE7D2A1B}.Debug|Any CPU.ActiveCfg = Debug|Any CPU
		{FE5CFCCC-3B6B-4921-99F5-01DBAE7D2A1B}.Debug|Any CPU.Build.0 = Debug|Any CPU
		{FE5CFCCC-3B6B-4921-99F5-01DBAE7D2A1B}.ExportDebug|Any CPU.ActiveCfg = ExportDebug|Any CPU
		{FE5CFCCC-3B6B-4921-99F5-01DBAE7D2A1B}.ExportDebug|Any CPU.Build.0 = ExportDebug|Any CPU
		{FE5CFCCC-3B6B-4921-99F5-01DBAE7D2A1B}.ExportRelease|Any CPU.ActiveCfg = ExportRelease|Any CPU
		{FE5CFCCC-3B6B-4921-99F5-01DBAE7D2A1B}.ExportRelease|Any CPU.Build.0 = ExportRelease|Any CPU
	EndGlobalSection
EndGlobal
